// !$*UTF8*$!
{
	archiveVersion = 1;
	classes = {
	};
	objectVersion = 46;
	objects = {

/* Begin PBXBuildFile section */
		9AE1602A1CDEE37D0045AE5C /* main.m in Sources */ = {isa = PBXBuildFile; fileRef = 9AE160291CDEE37D0045AE5C /* main.m */; };
		9AE1602D1CDEE37D0045AE5C /* AppDelegate.m in Sources */ = {isa = PBXBuildFile; fileRef = 9AE1602C1CDEE37D0045AE5C /* AppDelegate.m */; };
		9AE160301CDEE37D0045AE5C /* ViewController.m in Sources */ = {isa = PBXBuildFile; fileRef = 9AE1602F1CDEE37D0045AE5C /* ViewController.m */; };
		9AE160331CDEE37D0045AE5C /* Main.storyboard in Resources */ = {isa = PBXBuildFile; fileRef = 9AE160311CDEE37D0045AE5C /* Main.storyboard */; };
		9AE160351CDEE37D0045AE5C /* Assets.xcassets in Resources */ = {isa = PBXBuildFile; fileRef = 9AE160341CDEE37D0045AE5C /* Assets.xcassets */; };
		9AE160381CDEE37D0045AE5C /* LaunchScreen.storyboard in Resources */ = {isa = PBXBuildFile; fileRef = 9AE160361CDEE37D0045AE5C /* LaunchScreen.storyboard */; };
		9AE160431CDEE37D0045AE5C /* BubblePopTests.m in Sources */ = {isa = PBXBuildFile; fileRef = 9AE160421CDEE37D0045AE5C /* BubblePopTests.m */; };
		9AE1604E1CDEE37D0045AE5C /* BubblePopUITests.m in Sources */ = {isa = PBXBuildFile; fileRef = 9AE1604D1CDEE37D0045AE5C /* BubblePopUITests.m */; };
		9AE160601CDEEF510045AE5C /* SettingViewController.m in Sources */ = {isa = PBXBuildFile; fileRef = 9AE1605F1CDEEF510045AE5C /* SettingViewController.m */; };
		9AE160631CDF08440045AE5C /* LaunchViewController.m in Sources */ = {isa = PBXBuildFile; fileRef = 9AE160621CDF08440045AE5C /* LaunchViewController.m */; };
/* End PBXBuildFile section */

/* Begin PBXContainerItemProxy section */
		9AE1603F1CDEE37D0045AE5C /* PBXContainerItemProxy */ = {
			isa = PBXContainerItemProxy;
			containerPortal = 9AE1601D1CDEE37C0045AE5C /* Project object */;
			proxyType = 1;
			remoteGlobalIDString = 9AE160241CDEE37C0045AE5C;
			remoteInfo = BubblePop;
		};
		9AE1604A1CDEE37D0045AE5C /* PBXContainerItemProxy */ = {
			isa = PBXContainerItemProxy;
			containerPortal = 9AE1601D1CDEE37C0045AE5C /* Project object */;
			proxyType = 1;
			remoteGlobalIDString = 9AE160241CDEE37C0045AE5C;
			remoteInfo = BubblePop;
		};
/* End PBXContainerItemProxy section */

/* Begin PBXFileReference section */
		9AE160251CDEE37D0045AE5C /* BubblePop.app */ = {isa = PBXFileReference; explicitFileType = wrapper.application; includeInIndex = 0; path = BubblePop.app; sourceTree = BUILT_PRODUCTS_DIR; };
		9AE160291CDEE37D0045AE5C /* main.m */ = {isa = PBXFileReference; lastKnownFileType = sourcecode.c.objc; path = main.m; sourceTree = "<group>"; };
		9AE1602B1CDEE37D0045AE5C /* AppDelegate.h */ = {isa = PBXFileReference; lastKnownFileType = sourcecode.c.h; path = AppDelegate.h; sourceTree = "<group>"; };
		9AE1602C1CDEE37D0045AE5C /* AppDelegate.m */ = {isa = PBXFileReference; lastKnownFileType = sourcecode.c.objc; path = AppDelegate.m; sourceTree = "<group>"; };
		9AE1602E1CDEE37D0045AE5C /* ViewController.h */ = {isa = PBXFileReference; lastKnownFileType = sourcecode.c.h; path = ViewController.h; sourceTree = "<group>"; };
		9AE1602F1CDEE37D0045AE5C /* ViewController.m */ = {isa = PBXFileReference; lastKnownFileType = sourcecode.c.objc; path = ViewController.m; sourceTree = "<group>"; };
		9AE160321CDEE37D0045AE5C /* Base */ = {isa = PBXFileReference; lastKnownFileType = file.storyboard; name = Base; path = Base.lproj/Main.storyboard; sourceTree = "<group>"; };
		9AE160341CDEE37D0045AE5C /* Assets.xcassets */ = {isa = PBXFileReference; lastKnownFileType = folder.assetcatalog; path = Assets.xcassets; sourceTree = "<group>"; };
		9AE160371CDEE37D0045AE5C /* Base */ = {isa = PBXFileReference; lastKnownFileType = file.storyboard; name = Base; path = Base.lproj/LaunchScreen.storyboard; sourceTree = "<group>"; };
		9AE160391CDEE37D0045AE5C /* Info.plist */ = {isa = PBXFileReference; lastKnownFileType = text.plist.xml; path = Info.plist; sourceTree = "<group>"; };
		9AE1603E1CDEE37D0045AE5C /* BubblePopTests.xctest */ = {isa = PBXFileReference; explicitFileType = wrapper.cfbundle; includeInIndex = 0; path = BubblePopTests.xctest; sourceTree = BUILT_PRODUCTS_DIR; };
		9AE160421CDEE37D0045AE5C /* BubblePopTests.m */ = {isa = PBXFileReference; lastKnownFileType = sourcecode.c.objc; path = BubblePopTests.m; sourceTree = "<group>"; };
		9AE160441CDEE37D0045AE5C /* Info.plist */ = {isa = PBXFileReference; lastKnownFileType = text.plist.xml; path = Info.plist; sourceTree = "<group>"; };
		9AE160491CDEE37D0045AE5C /* BubblePopUITests.xctest */ = {isa = PBXFileReference; explicitFileType = wrapper.cfbundle; includeInIndex = 0; path = BubblePopUITests.xctest; sourceTree = BUILT_PRODUCTS_DIR; };
		9AE1604D1CDEE37D0045AE5C /* BubblePopUITests.m */ = {isa = PBXFileReference; lastKnownFileType = sourcecode.c.objc; path = BubblePopUITests.m; sourceTree = "<group>"; };
		9AE1604F1CDEE37D0045AE5C /* Info.plist */ = {isa = PBXFileReference; lastKnownFileType = text.plist.xml; path = Info.plist; sourceTree = "<group>"; };
		9AE1605E1CDEEF510045AE5C /* SettingViewController.h */ = {isa = PBXFileReference; fileEncoding = 4; lastKnownFileType = sourcecode.c.h; path = SettingViewController.h; sourceTree = "<group>"; };
		9AE1605F1CDEEF510045AE5C /* SettingViewController.m */ = {isa = PBXFileReference; fileEncoding = 4; lastKnownFileType = sourcecode.c.objc; path = SettingViewController.m; sourceTree = "<group>"; };
		9AE160611CDF08440045AE5C /* LaunchViewController.h */ = {isa = PBXFileReference; fileEncoding = 4; lastKnownFileType = sourcecode.c.h; path = LaunchViewController.h; sourceTree = "<group>"; };
		9AE160621CDF08440045AE5C /* LaunchViewController.m */ = {isa = PBXFileReference; fileEncoding = 4; lastKnownFileType = sourcecode.c.objc; path = LaunchViewController.m; sourceTree = "<group>"; };
/* End PBXFileReference section */

/* Begin PBXFrameworksBuildPhase section */
		9AE160221CDEE37C0045AE5C /* Frameworks */ = {
			isa = PBXFrameworksBuildPhase;
			buildActionMask = 2147483647;
			files = (
			);
			runOnlyForDeploymentPostprocessing = 0;
		};
		9AE1603B1CDEE37D0045AE5C /* Frameworks */ = {
			isa = PBXFrameworksBuildPhase;
			buildActionMask = 2147483647;
			files = (
			);
			runOnlyForDeploymentPostprocessing = 0;
		};
		9AE160461CDEE37D0045AE5C /* Frameworks */ = {
			isa = PBXFrameworksBuildPhase;
			buildActionMask = 2147483647;
			files = (
			);
			runOnlyForDeploymentPostprocessing = 0;
		};
/* End PBXFrameworksBuildPhase section */

/* Begin PBXGroup section */
		9AE1601C1CDEE37C0045AE5C = {
			isa = PBXGroup;
			children = (
				9AE160271CDEE37D0045AE5C /* BubblePop */,
				9AE160411CDEE37D0045AE5C /* BubblePopTests */,
				9AE1604C1CDEE37D0045AE5C /* BubblePopUITests */,
				9AE160261CDEE37D0045AE5C /* Products */,
			);
			sourceTree = "<group>";
		};
		9AE160261CDEE37D0045AE5C /* Products */ = {
			isa = PBXGroup;
			children = (
				9AE160251CDEE37D0045AE5C /* BubblePop.app */,
				9AE1603E1CDEE37D0045AE5C /* BubblePopTests.xctest */,
				9AE160491CDEE37D0045AE5C /* BubblePopUITests.xctest */,
			);
			name = Products;
			sourceTree = "<group>";
		};
		9AE160271CDEE37D0045AE5C /* BubblePop */ = {
			isa = PBXGroup;
			children = (
				9AE1602B1CDEE37D0045AE5C /* AppDelegate.h */,
				9AE1602C1CDEE37D0045AE5C /* AppDelegate.m */,
				9AE1602E1CDEE37D0045AE5C /* ViewController.h */,
				9AE1602F1CDEE37D0045AE5C /* ViewController.m */,
				9AE160311CDEE37D0045AE5C /* Main.storyboard */,
				9AE160341CDEE37D0045AE5C /* Assets.xcassets */,
				9AE160361CDEE37D0045AE5C /* LaunchScreen.storyboard */,
				9AE160391CDEE37D0045AE5C /* Info.plist */,
				9AE160281CDEE37D0045AE5C /* Supporting Files */,
				9AE1605E1CDEEF510045AE5C /* SettingViewController.h */,
				9AE1605F1CDEEF510045AE5C /* SettingViewController.m */,
				9AE160611CDF08440045AE5C /* LaunchViewController.h */,
				9AE160621CDF08440045AE5C /* LaunchViewController.m */,
			);
			path = BubblePop;
			sourceTree = "<group>";
		};
		9AE160281CDEE37D0045AE5C /* Supporting Files */ = {
			isa = PBXGroup;
			children = (
				9AE160291CDEE37D0045AE5C /* main.m */,
			);
			name = "Supporting Files";
			sourceTree = "<group>";
		};
		9AE160411CDEE37D0045AE5C /* BubblePopTests */ = {
			isa = PBXGroup;
			children = (
				9AE160421CDEE37D0045AE5C /* BubblePopTests.m */,
				9AE160441CDEE37D0045AE5C /* Info.plist */,
			);
			path = BubblePopTests;
			sourceTree = "<group>";
		};
		9AE1604C1CDEE37D0045AE5C /* BubblePopUITests */ = {
			isa = PBXGroup;
			children = (
				9AE1604D1CDEE37D0045AE5C /* BubblePopUITests.m */,
				9AE1604F1CDEE37D0045AE5C /* Info.plist */,
			);
			path = BubblePopUITests;
			sourceTree = "<group>";
		};
/* End PBXGroup section */

/* Begin PBXNativeTarget section */
		9AE160241CDEE37C0045AE5C /* BubblePop */ = {
			isa = PBXNativeTarget;
			buildConfigurationList = 9AE160521CDEE37D0045AE5C /* Build configuration list for PBXNativeTarget "BubblePop" */;
			buildPhases = (
				9AE160211CDEE37C0045AE5C /* Sources */,
				9AE160221CDEE37C0045AE5C /* Frameworks */,
				9AE160231CDEE37C0045AE5C /* Resources */,
			);
			buildRules = (
			);
			dependencies = (
			);
			name = BubblePop;
			productName = BubblePop;
			productReference = 9AE160251CDEE37D0045AE5C /* BubblePop.app */;
			productType = "com.apple.product-type.application";
		};
		9AE1603D1CDEE37D0045AE5C /* BubblePopTests */ = {
			isa = PBXNativeTarget;
			buildConfigurationList = 9AE160551CDEE37D0045AE5C /* Build configuration list for PBXNativeTarget "BubblePopTests" */;
			buildPhases = (
				9AE1603A1CDEE37D0045AE5C /* Sources */,
				9AE1603B1CDEE37D0045AE5C /* Frameworks */,
				9AE1603C1CDEE37D0045AE5C /* Resources */,
			);
			buildRules = (
			);
			dependencies = (
				9AE160401CDEE37D0045AE5C /* PBXTargetDependency */,
			);
			name = BubblePopTests;
			productName = BubblePopTests;
			productReference = 9AE1603E1CDEE37D0045AE5C /* BubblePopTests.xctest */;
			productType = "com.apple.product-type.bundle.unit-test";
		};
		9AE160481CDEE37D0045AE5C /* BubblePopUITests */ = {
			isa = PBXNativeTarget;
			buildConfigurationList = 9AE160581CDEE37D0045AE5C /* Build configuration list for PBXNativeTarget "BubblePopUITests" */;
			buildPhases = (
				9AE160451CDEE37D0045AE5C /* Sources */,
				9AE160461CDEE37D0045AE5C /* Frameworks */,
				9AE160471CDEE37D0045AE5C /* Resources */,
			);
			buildRules = (
			);
			dependencies = (
				9AE1604B1CDEE37D0045AE5C /* PBXTargetDependency */,
			);
			name = BubblePopUITests;
			productName = BubblePopUITests;
			productReference = 9AE160491CDEE37D0045AE5C /* BubblePopUITests.xctest */;
			productType = "com.apple.product-type.bundle.ui-testing";
		};
/* End PBXNativeTarget section */

/* Begin PBXProject section */
		9AE1601D1CDEE37C0045AE5C /* Project object */ = {
			isa = PBXProject;
			attributes = {
				LastUpgradeCheck = 0730;
				ORGANIZATIONNAME = UTS;
				TargetAttributes = {
					9AE160241CDEE37C0045AE5C = {
						CreatedOnToolsVersion = 7.3.1;
					};
					9AE1603D1CDEE37D0045AE5C = {
						CreatedOnToolsVersion = 7.3.1;
						TestTargetID = 9AE160241CDEE37C0045AE5C;
					};
					9AE160481CDEE37D0045AE5C = {
						CreatedOnToolsVersion = 7.3.1;
						TestTargetID = 9AE160241CDEE37C0045AE5C;
					};
				};
			};
			buildConfigurationList = 9AE160201CDEE37C0045AE5C /* Build configuration list for PBXProject "BubblePop" */;
			compatibilityVersion = "Xcode 3.2";
			developmentRegion = English;
			hasScannedForEncodings = 0;
			knownRegions = (
				en,
				Base,
			);
			mainGroup = 9AE1601C1CDEE37C0045AE5C;
			productRefGroup = 9AE160261CDEE37D0045AE5C /* Products */;
			projectDirPath = "";
			projectRoot = "";
			targets = (
				9AE160241CDEE37C0045AE5C /* BubblePop */,
				9AE1603D1CDEE37D0045AE5C /* BubblePopTests */,
				9AE160481CDEE37D0045AE5C /* BubblePopUITests */,
			);
		};
/* End PBXProject section */

/* Begin PBXResourcesBuildPhase section */
		9AE160231CDEE37C0045AE5C /* Resources */ = {
			isa = PBXResourcesBuildPhase;
			buildActionMask = 2147483647;
			files = (
				9AE160381CDEE37D0045AE5C /* LaunchScreen.storyboard in Resources */,
				9AE160351CDEE37D0045AE5C /* Assets.xcassets in Resources */,
				9AE160331CDEE37D0045AE5C /* Main.storyboard in Resources */,
			);
			runOnlyForDeploymentPostprocessing = 0;
		};
		9AE1603C1CDEE37D0045AE5C /* Resources */ = {
			isa = PBXResourcesBuildPhase;
			buildActionMask = 2147483647;
			files = (
			);
			runOnlyForDeploymentPostprocessing = 0;
		};
		9AE160471CDEE37D0045AE5C /* Resources */ = {
			isa = PBXResourcesBuildPhase;
			buildActionMask = 2147483647;
			files = (
			);
			runOnlyForDeploymentPostprocessing = 0;
		};
/* End PBXResourcesBuildPhase section */

/* Begin PBXSourcesBuildPhase section */
		9AE160211CDEE37C0045AE5C /* Sources */ = {
			isa = PBXSourcesBuildPhase;
			buildActionMask = 2147483647;
			files = (
				9AE160301CDEE37D0045AE5C /* ViewController.m in Sources */,
				9AE1602D1CDEE37D0045AE5C /* AppDelegate.m in Sources */,
				9AE1602A1CDEE37D0045AE5C /* main.m in Sources */,
				9AE160631CDF08440045AE5C /* LaunchViewController.m in Sources */,
				9AE160601CDEEF510045AE5C /* SettingViewController.m in Sources */,
			);
			runOnlyForDeploymentPostprocessing = 0;
		};
		9AE1603A1CDEE37D0045AE5C /* Sources */ = {
			isa = PBXSourcesBuildPhase;
			buildActionMask = 2147483647;
			files = (
				9AE160431CDEE37D0045AE5C /* BubblePopTests.m in Sources */,
			);
			runOnlyForDeploymentPostprocessing = 0;
		};
		9AE160451CDEE37D0045AE5C /* Sources */ = {
			isa = PBXSourcesBuildPhase;
			buildActionMask = 2147483647;
			files = (
				9AE1604E1CDEE37D0045AE5C /* BubblePopUITests.m in Sources */,
			);
			runOnlyForDeploymentPostprocessing = 0;
		};
/* End PBXSourcesBuildPhase section */

/* Begin PBXTargetDependency section */
		9AE160401CDEE37D0045AE5C /* PBXTargetDependency */ = {
			isa = PBXTargetDependency;
			target = 9AE160241CDEE37C0045AE5C /* BubblePop */;
			targetProxy = 9AE1603F1CDEE37D0045AE5C /* PBXContainerItemProxy */;
		};
		9AE1604B1CDEE37D0045AE5C /* PBXTargetDependency */ = {
			isa = PBXTargetDependency;
			target = 9AE160241CDEE37C0045AE5C /* BubblePop */;
			targetProxy = 9AE1604A1CDEE37D0045AE5C /* PBXContainerItemProxy */;
		};
/* End PBXTargetDependency section */

/* Begin PBXVariantGroup section */
		9AE160311CDEE37D0045AE5C /* Main.storyboard */ = {
			isa = PBXVariantGroup;
			children = (
				9AE160321CDEE37D0045AE5C /* Base */,
			);
			name = Main.storyboard;
			sourceTree = "<group>";
		};
		9AE160361CDEE37D0045AE5C /* LaunchScreen.storyboard */ = {
			isa = PBXVariantGroup;
			children = (
				9AE160371CDEE37D0045AE5C /* Base */,
			);
			name = LaunchScreen.storyboard;
			sourceTree = "<group>";
		};
/* End PBXVariantGroup section */

/* Begin XCBuildConfiguration section */
		9AE160501CDEE37D0045AE5C /* Debug */ = {
			isa = XCBuildConfiguration;
			buildSettings = {
				ALWAYS_SEARCH_USER_PATHS = NO;
				CLANG_ANALYZER_NONNULL = YES;
				CLANG_CXX_LANGUAGE_STANDARD = "gnu++0x";
				CLANG_CXX_LIBRARY = "libc++";
				CLANG_ENABLE_MODULES = YES;
				CLANG_ENABLE_OBJC_ARC = YES;
				CLANG_WARN_BOOL_CONVERSION = YES;
				CLANG_WARN_CONSTANT_CONVERSION = YES;
				CLANG_WARN_DIRECT_OBJC_ISA_USAGE = YES_ERROR;
				CLANG_WARN_EMPTY_BODY = YES;
				CLANG_WARN_ENUM_CONVERSION = YES;
				CLANG_WARN_INT_CONVERSION = YES;
				CLANG_WARN_OBJC_ROOT_CLASS = YES_ERROR;
				CLANG_WARN_UNREACHABLE_CODE = YES;
				CLANG_WARN__DUPLICATE_METHOD_MATCH = YES;
				"CODE_SIGN_IDENTITY[sdk=iphoneos*]" = "iPhone Developer";
				COPY_PHASE_STRIP = NO;
				DEBUG_INFORMATION_FORMAT = dwarf;
				ENABLE_STRICT_OBJC_MSGSEND = YES;
				ENABLE_TESTABILITY = YES;
				GCC_C_LANGUAGE_STANDARD = gnu99;
				GCC_DYNAMIC_NO_PIC = NO;
				GCC_NO_COMMON_BLOCKS = YES;
				GCC_OPTIMIZATION_LEVEL = 0;
				GCC_PREPROCESSOR_DEFINITIONS = (
					"DEBUG=1",
					"$(inherited)",
				);
				GCC_WARN_64_TO_32_BIT_CONVERSION = YES;
				GCC_WARN_ABOUT_RETURN_TYPE = YES_ERROR;
				GCC_WARN_UNDECLARED_SELECTOR = YES;
				GCC_WARN_UNINITIALIZED_AUTOS = YES_AGGRESSIVE;
				GCC_WARN_UNUSED_FUNCTION = YES;
				GCC_WARN_UNUSED_VARIABLE = YES;
				IPHONEOS_DEPLOYMENT_TARGET = 9.3;
				MTL_ENABLE_DEBUG_INFO = YES;
				ONLY_ACTIVE_ARCH = YES;
				SDKROOT = iphoneos;
				TARGETED_DEVICE_FAMILY = "1,2";
			};
			name = Debug;
		};
		9AE160511CDEE37D0045AE5C /* Release */ = {
			isa = XCBuildConfiguration;
			buildSettings = {
				ALWAYS_SEARCH_USER_PATHS = NO;
				CLANG_ANALYZER_NONNULL = YES;
				CLANG_CXX_LANGUAGE_STANDARD = "gnu++0x";
				CLANG_CXX_LIBRARY = "libc++";
				CLANG_ENABLE_MODULES = YES;
				CLANG_ENABLE_OBJC_ARC = YES;
				CLANG_WARN_BOOL_CONVERSION = YES;
				CLANG_WARN_CONSTANT_CONVERSION = YES;
				CLANG_WARN_DIRECT_OBJC_ISA_USAGE = YES_ERROR;
				CLANG_WARN_EMPTY_BODY = YES;
				CLANG_WARN_ENUM_CONVERSION = YES;
				CLANG_WARN_INT_CONVERSION = YES;
				CLANG_WARN_OBJC_ROOT_CLASS = YES_ERROR;
				CLANG_WARN_UNREACHABLE_CODE = YES;
				CLANG_WARN__DUPLICATE_METHOD_MATCH = YES;
				"CODE_SIGN_IDENTITY[sdk=iphoneos*]" = "iPhone Developer";
				COPY_PHASE_STRIP = NO;
				DEBUG_INFORMATION_FORMAT = "dwarf-with-dsym";
				ENABLE_NS_ASSERTIONS = NO;
				ENABLE_STRICT_OBJC_MSGSEND = YES;
				GCC_C_LANGUAGE_STANDARD = gnu99;
				GCC_NO_COMMON_BLOCKS = YES;
				GCC_WARN_64_TO_32_BIT_CONVERSION = YES;
				GCC_WARN_ABOUT_RETURN_TYPE = YES_ERROR;
				GCC_WARN_UNDECLARED_SELECTOR = YES;
				GCC_WARN_UNINITIALIZED_AUTOS = YES_AGGRESSIVE;
				GCC_WARN_UNUSED_FUNCTION = YES;
				GCC_WARN_UNUSED_VARIABLE = YES;
				IPHONEOS_DEPLOYMENT_TARGET = 9.3;
				MTL_ENABLE_DEBUG_INFO = NO;
				SDKROOT = iphoneos;
				TARGETED_DEVICE_FAMILY = "1,2";
				VALIDATE_PRODUCT = YES;
			};
			name = Release;
		};
		9AE160531CDEE37D0045AE5C /* Debug */ = {
			isa = XCBuildConfiguration;
			buildSettings = {
				ASSETCATALOG_COMPILER_APPICON_NAME = AppIcon;
				INFOPLIST_FILE = BubblePop/Info.plist;
				IPHONEOS_DEPLOYMENT_TARGET = 8.3;
				LD_RUNPATH_SEARCH_PATHS = "$(inherited) @executable_path/Frameworks";
				PRODUCT_BUNDLE_IDENTIFIER = UTS.BubblePop;
				PRODUCT_NAME = "$(TARGET_NAME)";
			};
			name = Debug;
		};
		9AE160541CDEE37D0045AE5C /* Release */ = {
			isa = XCBuildConfiguration;
			buildSettings = {
				ASSETCATALOG_COMPILER_APPICON_NAME = AppIcon;
				INFOPLIST_FILE = BubblePop/Info.plist;
				IPHONEOS_DEPLOYMENT_TARGET = 8.3;
				LD_RUNPATH_SEARCH_PATHS = "$(inherited) @executable_path/Frameworks";
				PRODUCT_BUNDLE_IDENTIFIER = UTS.BubblePop;
				PRODUCT_NAME = "$(TARGET_NAME)";
			};
			name = Release;
		};
		9AE160561CDEE37D0045AE5C /* Debug */ = {
			isa = XCBuildConfiguration;
			buildSettings = {
				BUNDLE_LOADER = "$(TEST_HOST)";
				INFOPLIST_FILE = BubblePopTests/Info.plist;
				LD_RUNPATH_SEARCH_PATHS = "$(inherited) @executable_path/Frameworks @loader_path/Frameworks";
				PRODUCT_BUNDLE_IDENTIFIER = UTS.BubblePopTests;
				PRODUCT_NAME = "$(TARGET_NAME)";
				TEST_HOST = "$(BUILT_PRODUCTS_DIR)/BubblePop.app/BubblePop";
			};
			name = Debug;
		};
		9AE160571CDEE37D0045AE5C /* Release */ = {
			isa = XCBuildConfiguration;
			buildSettings = {
				BUNDLE_LOADER = "$(TEST_HOST)";
				INFOPLIST_FILE = BubblePopTests/Info.plist;
				LD_RUNPATH_SEARCH_PATHS = "$(inherited) @executable_path/Frameworks @loader_path/Frameworks";
				PRODUCT_BUNDLE_IDENTIFIER = UTS.BubblePopTests;
				PRODUCT_NAME = "$(TARGET_NAME)";
				TEST_HOST = "$(BUILT_PRODUCTS_DIR)/BubblePop.app/BubblePop";
			};
			name = Release;
		};
		9AE160591CDEE37D0045AE5C /* Debug */ = {
			isa = XCBuildConfiguration;
			buildSettings = {
				INFOPLIST_FILE = BubblePopUITests/Info.plist;
				LD_RUNPATH_SEARCH_PATHS = "$(inherited) @executable_path/Frameworks @loader_path/Frameworks";
				PRODUCT_BUNDLE_IDENTIFIER = UTS.BubblePopUITests;
				PRODUCT_NAME = "$(TARGET_NAME)";
				TEST_TARGET_NAME = BubblePop;
			};
			name = Debug;
		};
		9AE1605A1CDEE37D0045AE5C /* Release */ = {
			isa = XCBuildConfiguration;
			buildSettings = {
				INFOPLIST_FILE = BubblePopUITests/Info.plist;
				LD_RUNPATH_SEARCH_PATHS = "$(inherited) @executable_path/Frameworks @loader_path/Frameworks";
				PRODUCT_BUNDLE_IDENTIFIER = UTS.BubblePopUITests;
				PRODUCT_NAME = "$(TARGET_NAME)";
				TEST_TARGET_NAME = BubblePop;
			};
			name = Release;
		};
/* End XCBuildConfiguration section */

/* Begin XCConfigurationList section */
		9AE160201CDEE37C0045AE5C /* Build configuration list for PBXProject "BubblePop" */ = {
			isa = XCConfigurationList;
			buildConfigurations = (
				9AE160501CDEE37D0045AE5C /* Debug */,
				9AE160511CDEE37D0045AE5C /* Release */,
			);
			defaultConfigurationIsVisible = 0;
			defaultConfigurationName = Release;
		};
		9AE160521CDEE37D0045AE5C /* Build configuration list for PBXNativeTarget "BubblePop" */ = {
			isa = XCConfigurationList;
			buildConfigurations = (
				9AE160531CDEE37D0045AE5C /* Debug */,
				9AE160541CDEE37D0045AE5C /* Release */,
			);
			defaultConfigurationIsVisible = 0;
		};
		9AE160551CDEE37D0045AE5C /* Build configuration list for PBXNativeTarget "BubblePopTests" */ = {
			isa = XCConfigurationList;
			buildConfigurations = (
				9AE160561CDEE37D0045AE5C /* Debug */,
				9AE160571CDEE37D0045AE5C /* Release */,
			);
			defaultConfigurationIsVisible = 0;
		};
		9AE160581CDEE37D0045AE5C /* Build configuration list for PBXNativeTarget "BubblePopUITests" */ = {
			isa = XCConfigurationList;
			buildConfigurations = (
				9AE160591CDEE37D0045AE5C /* Debug */,
				9AE1605A1CDEE37D0045AE5C /* Release */,
			);
			defaultConfigurationIsVisible = 0;
		};
/* End XCConfigurationList section */
	};
	rootObject = 9AE1601D1CDEE37C0045AE5C /* Project object */;
}
